// !$*UTF8*$!
{
	archiveVersion = 1;
	classes = {
	};
	objectVersion = 56;
	objects = {

/* Begin PBXBuildFile section */
		64027EAE2AC3B30E000090B7 /* AppDelegate.swift in Sources */ = {isa = PBXBuildFile; fileRef = 64027EAD2AC3B30E000090B7 /* AppDelegate.swift */; };
		64027EB02AC3B30E000090B7 /* SceneDelegate.swift in Sources */ = {isa = PBXBuildFile; fileRef = 64027EAF2AC3B30E000090B7 /* SceneDelegate.swift */; };
		64027EB22AC3B30E000090B7 /* ViewController.swift in Sources */ = {isa = PBXBuildFile; fileRef = 64027EB12AC3B30E000090B7 /* ViewController.swift */; };
		64027EB52AC3B30E000090B7 /* Main.storyboard in Resources */ = {isa = PBXBuildFile; fileRef = 64027EB32AC3B30E000090B7 /* Main.storyboard */; };
		64027EB72AC3B310000090B7 /* Assets.xcassets in Resources */ = {isa = PBXBuildFile; fileRef = 64027EB62AC3B310000090B7 /* Assets.xcassets */; };
		64027EBA2AC3B310000090B7 /* LaunchScreen.storyboard in Resources */ = {isa = PBXBuildFile; fileRef = 64027EB82AC3B310000090B7 /* LaunchScreen.storyboard */; };
		64027EC42AC3B3F3000090B7 /* CarsCollectionViewCell.swift in Sources */ = {isa = PBXBuildFile; fileRef = 64027EC22AC3B3F3000090B7 /* CarsCollectionViewCell.swift */; };
		64027EC52AC3B3F3000090B7 /* CarsCollectionViewCell.xib in Resources */ = {isa = PBXBuildFile; fileRef = 64027EC32AC3B3F3000090B7 /* CarsCollectionViewCell.xib */; };
		64807AC02AC3B94500E7F983 /* Car.swift in Sources */ = {isa = PBXBuildFile; fileRef = 64807ABF2AC3B94500E7F983 /* Car.swift */; };
/* End PBXBuildFile section */

/* Begin PBXFileReference section */
		64027EAA2AC3B30E000090B7 /* DesafioCollectionView.app */ = {isa = PBXFileReference; explicitFileType = wrapper.application; includeInIndex = 0; path = DesafioCollectionView.app; sourceTree = BUILT_PRODUCTS_DIR; };
		64027EAD2AC3B30E000090B7 /* AppDelegate.swift */ = {isa = PBXFileReference; lastKnownFileType = sourcecode.swift; path = AppDelegate.swift; sourceTree = "<group>"; };
		64027EAF2AC3B30E000090B7 /* SceneDelegate.swift */ = {isa = PBXFileReference; lastKnownFileType = sourcecode.swift; path = SceneDelegate.swift; sourceTree = "<group>"; };
		64027EB12AC3B30E000090B7 /* ViewController.swift */ = {isa = PBXFileReference; lastKnownFileType = sourcecode.swift; path = ViewController.swift; sourceTree = "<group>"; };
		64027EB42AC3B30E000090B7 /* Base */ = {isa = PBXFileReference; lastKnownFileType = file.storyboard; name = Base; path = Base.lproj/Main.storyboard; sourceTree = "<group>"; };
		64027EB62AC3B310000090B7 /* Assets.xcassets */ = {isa = PBXFileReference; lastKnownFileType = folder.assetcatalog; path = Assets.xcassets; sourceTree = "<group>"; };
		64027EB92AC3B310000090B7 /* Base */ = {isa = PBXFileReference; lastKnownFileType = file.storyboard; name = Base; path = Base.lproj/LaunchScreen.storyboard; sourceTree = "<group>"; };
		64027EBB2AC3B310000090B7 /* Info.plist */ = {isa = PBXFileReference; lastKnownFileType = text.plist.xml; path = Info.plist; sourceTree = "<group>"; };
		64027EC22AC3B3F3000090B7 /* CarsCollectionViewCell.swift */ = {isa = PBXFileReference; lastKnownFileType = sourcecode.swift; path = CarsCollectionViewCell.swift; sourceTree = "<group>"; };
		64027EC32AC3B3F3000090B7 /* CarsCollectionViewCell.xib */ = {isa = PBXFileReference; lastKnownFileType = file.xib; path = CarsCollectionViewCell.xib; sourceTree = "<group>"; };
		64807ABF2AC3B94500E7F983 /* Car.swift */ = {isa = PBXFileReference; lastKnownFileType = sourcecode.swift; path = Car.swift; sourceTree = "<group>"; };
/* End PBXFileReference section */

/* Begin PBXFrameworksBuildPhase section */
		64027EA72AC3B30E000090B7 /* Frameworks */ = {
			isa = PBXFrameworksBuildPhase;
			buildActionMask = 2147483647;
			files = (
			);
			runOnlyForDeploymentPostprocessing = 0;
		};
/* End PBXFrameworksBuildPhase section */

/* Begin PBXGroup section */
		64027EA12AC3B30E000090B7 = {
			isa = PBXGroup;
			children = (
				64027EAC2AC3B30E000090B7 /* DesafioCollectionView */,
				64027EAB2AC3B30E000090B7 /* Products */,
			);
			sourceTree = "<group>";
		};
		64027EAB2AC3B30E000090B7 /* Products */ = {
			isa = PBXGroup;
			children = (
				64027EAA2AC3B30E000090B7 /* DesafioCollectionView.app */,
			);
			name = Products;
			sourceTree = "<group>";
		};
		64027EAC2AC3B30E000090B7 /* DesafioCollectionView */ = {
			isa = PBXGroup;
			children = (
				64807ABE2AC3B93200E7F983 /* Model */,
				64027EC12AC3B3E1000090B7 /* CarsCollectionViewCell */,
				64027EAD2AC3B30E000090B7 /* AppDelegate.swift */,
				64027EAF2AC3B30E000090B7 /* SceneDelegate.swift */,
				64027EB12AC3B30E000090B7 /* ViewController.swift */,
				64027EB32AC3B30E000090B7 /* Main.storyboard */,
				64027EB62AC3B310000090B7 /* Assets.xcassets */,
				64027EB82AC3B310000090B7 /* LaunchScreen.storyboard */,
				64027EBB2AC3B310000090B7 /* Info.plist */,
			);
			path = DesafioCollectionView;
			sourceTree = "<group>";
		};
		64027EC12AC3B3E1000090B7 /* CarsCollectionViewCell */ = {
			isa = PBXGroup;
			children = (
				64027EC22AC3B3F3000090B7 /* CarsCollectionViewCell.swift */,
				64027EC32AC3B3F3000090B7 /* CarsCollectionViewCell.xib */,
			);
			path = CarsCollectionViewCell;
			sourceTree = "<group>";
		};
		64807ABE2AC3B93200E7F983 /* Model */ = {
			isa = PBXGroup;
			children = (
				64807ABF2AC3B94500E7F983 /* Car.swift */,
			);
			path = Model;
			sourceTree = "<group>";
		};
/* End PBXGroup section */

/* Begin PBXNativeTarget section */
		64027EA92AC3B30E000090B7 /* DesafioCollectionView */ = {
			isa = PBXNativeTarget;
			buildConfigurationList = 64027EBE2AC3B310000090B7 /* Build configuration list for PBXNativeTarget "DesafioCollectionView" */;
			buildPhases = (
				64027EA62AC3B30E000090B7 /* Sources */,
				64027EA72AC3B30E000090B7 /* Frameworks */,
				64027EA82AC3B30E000090B7 /* Resources */,
			);
			buildRules = (
			);
			dependencies = (
			);
			name = DesafioCollectionView;
			productName = DesafioCollectionView;
			productReference = 64027EAA2AC3B30E000090B7 /* DesafioCollectionView.app */;
			productType = "com.apple.product-type.application";
		};
/* End PBXNativeTarget section */

/* Begin PBXProject section */
		64027EA22AC3B30E000090B7 /* Project object */ = {
			isa = PBXProject;
			attributes = {
				BuildIndependentTargetsInParallel = 1;
				LastSwiftUpdateCheck = 1430;
				LastUpgradeCheck = 1430;
				TargetAttributes = {
					64027EA92AC3B30E000090B7 = {
						CreatedOnToolsVersion = 14.3.1;
					};
				};
			};
			buildConfigurationList = 64027EA52AC3B30E000090B7 /* Build configuration list for PBXProject "DesafioCollectionView" */;
			compatibilityVersion = "Xcode 14.0";
			developmentRegion = en;
			hasScannedForEncodings = 0;
			knownRegions = (
				en,
				Base,
			);
			mainGroup = 64027EA12AC3B30E000090B7;
			productRefGroup = 64027EAB2AC3B30E000090B7 /* Products */;
			projectDirPath = "";
			projectRoot = "";
			targets = (
				64027EA92AC3B30E000090B7 /* DesafioCollectionView */,
			);
		};
/* End PBXProject section */

/* Begin PBXResourcesBuildPhase section */
		64027EA82AC3B30E000090B7 /* Resources */ = {
			isa = PBXResourcesBuildPhase;
			buildActionMask = 2147483647;
			files = (
				64027EBA2AC3B310000090B7 /* LaunchScreen.storyboard in Resources */,
				64027EB72AC3B310000090B7 /* Assets.xcassets in Resources */,
				64027EB52AC3B30E000090B7 /* Main.storyboard in Resources */,
				64027EC52AC3B3F3000090B7 /* CarsCollectionViewCell.xib in Resources */,
			);
			runOnlyForDeploymentPostprocessing = 0;
		};
/* End PBXResourcesBuildPhase section */

/* Begin PBXSourcesBuildPhase section */
		64027EA62AC3B30E000090B7 /* Sources */ = {
			isa = PBXSourcesBuildPhase;
			buildActionMask = 2147483647;
			files = (
				64027EB22AC3B30E000090B7 /* ViewController.swift in Sources */,
				64027EAE2AC3B30E000090B7 /* AppDelegate.swift in Sources */,
				64807AC02AC3B94500E7F983 /* Car.swift in Sources */,
				64027EB02AC3B30E000090B7 /* SceneDelegate.swift in Sources */,
				64027EC42AC3B3F3000090B7 /* CarsCollectionViewCell.swift in Sources */,
			);
			runOnlyForDeploymentPostprocessing = 0;
		};
/* End PBXSourcesBuildPhase section */

/* Begin PBXVariantGroup section */
		64027EB32AC3B30E000090B7 /* Main.storyboard */ = {
			isa = PBXVariantGroup;
			children = (
				64027EB42AC3B30E000090B7 /* Base */,
			);
			name = Main.storyboard;
			sourceTree = "<group>";
		};
		64027EB82AC3B310000090B7 /* LaunchScreen.storyboard */ = {
			isa = PBXVariantGroup;
			children = (
				64027EB92AC3B310000090B7 /* Base */,
			);
			name = LaunchScreen.storyboard;
			sourceTree = "<group>";
		};
/* End PBXVariantGroup section */

/* Begin XCBuildConfiguration section */
		64027EBC2AC3B310000090B7 /* Debug */ = {
			isa = XCBuildConfiguration;
			buildSettings = {
				ALWAYS_SEARCH_USER_PATHS = NO;
				CLANG_ANALYZER_NONNULL = YES;
				CLANG_ANALYZER_NUMBER_OBJECT_CONVERSION = YES_AGGRESSIVE;
				CLANG_CXX_LANGUAGE_STANDARD = "gnu++20";
				CLANG_ENABLE_MODULES = YES;
				CLANG_ENABLE_OBJC_ARC = YES;
				CLANG_ENABLE_OBJC_WEAK = YES;
				CLANG_WARN_BLOCK_CAPTURE_AUTORELEASING = YES;
				CLANG_WARN_BOOL_CONVERSION = YES;
				CLANG_WARN_COMMA = YES;
				CLANG_WARN_CONSTANT_CONVERSION = YES;
				CLANG_WARN_DEPRECATED_OBJC_IMPLEMENTATIONS = YES;
				CLANG_WARN_DIRECT_OBJC_ISA_USAGE = YES_ERROR;
				CLANG_WARN_DOCUMENTATION_COMMENTS = YES;
				CLANG_WARN_EMPTY_BODY = YES;
				CLANG_WARN_ENUM_CONVERSION = YES;
				CLANG_WARN_INFINITE_RECURSION = YES;
				CLANG_WARN_INT_CONVERSION = YES;
				CLANG_WARN_NON_LITERAL_NULL_CONVERSION = YES;
				CLANG_WARN_OBJC_IMPLICIT_RETAIN_SELF = YES;
				CLANG_WARN_OBJC_LITERAL_CONVERSION = YES;
				CLANG_WARN_OBJC_ROOT_CLASS = YES_ERROR;
				CLANG_WARN_QUOTED_INCLUDE_IN_FRAMEWORK_HEADER = YES;
				CLANG_WARN_RANGE_LOOP_ANALYSIS = YES;
				CLANG_WARN_STRICT_PROTOTYPES = YES;
				CLANG_WARN_SUSPICIOUS_MOVE = YES;
				CLANG_WARN_UNGUARDED_AVAILABILITY = YES_AGGRESSIVE;
				CLANG_WARN_UNREACHABLE_CODE = YES;
				CLANG_WARN__DUPLICATE_METHOD_MATCH = YES;
				COPY_PHASE_STRIP = NO;
				DEBUG_INFORMATION_FORMAT = dwarf;
				ENABLE_STRICT_OBJC_MSGSEND = YES;
				ENABLE_TESTABILITY = YES;
				GCC_C_LANGUAGE_STANDARD = gnu11;
				GCC_DYNAMIC_NO_PIC = NO;
				GCC_NO_COMMON_BLOCKS = YES;
				GCC_OPTIMIZATION_LEVEL = 0;
				GCC_PREPROCESSOR_DEFINITIONS = (
					"DEBUG=1",
					"$(inherited)",
				);
				GCC_WARN_64_TO_32_BIT_CONVERSION = YES;
				GCC_WARN_ABOUT_RETURN_TYPE = YES_ERROR;
				GCC_WARN_UNDECLARED_SELECTOR = YES;
				GCC_WARN_UNINITIALIZED_AUTOS = YES_AGGRESSIVE;
				GCC_WARN_UNUSED_FUNCTION = YES;
				GCC_WARN_UNUSED_VARIABLE = YES;
				IPHONEOS_DEPLOYMENT_TARGET = 16.4;
				MTL_ENABLE_DEBUG_INFO = INCLUDE_SOURCE;
				MTL_FAST_MATH = YES;
				ONLY_ACTIVE_ARCH = YES;
				SDKROOT = iphoneos;
				SWIFT_ACTIVE_COMPILATION_CONDITIONS = DEBUG;
				SWIFT_OPTIMIZATION_LEVEL = "-Onone";
			};
			name = Debug;
		};
		64027EBD2AC3B310000090B7 /* Release */ = {
			isa = XCBuildConfiguration;
			buildSettings = {
				ALWAYS_SEARCH_USER_PATHS = NO;
				CLANG_ANALYZER_NONNULL = YES;
				CLANG_ANALYZER_NUMBER_OBJECT_CONVERSION = YES_AGGRESSIVE;
				CLANG_CXX_LANGUAGE_STANDARD = "gnu++20";
				CLANG_ENABLE_MODULES = YES;
				CLANG_ENABLE_OBJC_ARC = YES;
				CLANG_ENABLE_OBJC_WEAK = YES;
				CLANG_WARN_BLOCK_CAPTURE_AUTORELEASING = YES;
				CLANG_WARN_BOOL_CONVERSION = YES;
				CLANG_WARN_COMMA = YES;
				CLANG_WARN_CONSTANT_CONVERSION = YES;
				CLANG_WARN_DEPRECATED_OBJC_IMPLEMENTATIONS = YES;
				CLANG_WARN_DIRECT_OBJC_ISA_USAGE = YES_ERROR;
				CLANG_WARN_DOCUMENTATION_COMMENTS = YES;
				CLANG_WARN_EMPTY_BODY = YES;
				CLANG_WARN_ENUM_CONVERSION = YES;
				CLANG_WARN_INFINITE_RECURSION = YES;
				CLANG_WARN_INT_CONVERSION = YES;
				CLANG_WARN_NON_LITERAL_NULL_CONVERSION = YES;
				CLANG_WARN_OBJC_IMPLICIT_RETAIN_SELF = YES;
				CLANG_WARN_OBJC_LITERAL_CONVERSION = YES;
				CLANG_WARN_OBJC_ROOT_CLASS = YES_ERROR;
				CLANG_WARN_QUOTED_INCLUDE_IN_FRAMEWORK_HEADER = YES;
				CLANG_WARN_RANGE_LOOP_ANALYSIS = YES;
				CLANG_WARN_STRICT_PROTOTYPES = YES;
				CLANG_WARN_SUSPICIOUS_MOVE = YES;
				CLANG_WARN_UNGUARDED_AVAILABILITY = YES_AGGRESSIVE;
				CLANG_WARN_UNREACHABLE_CODE = YES;
				CLANG_WARN__DUPLICATE_METHOD_MATCH = YES;
				COPY_PHASE_STRIP = NO;
				DEBUG_INFORMATION_FORMAT = "dwarf-with-dsym";
				ENABLE_NS_ASSERTIONS = NO;
				ENABLE_STRICT_OBJC_MSGSEND = YES;
				GCC_C_LANGUAGE_STANDARD = gnu11;
				GCC_NO_COMMON_BLOCKS = YES;
				GCC_WARN_64_TO_32_BIT_CONVERSION = YES;
				GCC_WARN_ABOUT_RETURN_TYPE = YES_ERROR;
				GCC_WARN_UNDECLARED_SELECTOR = YES;
				GCC_WARN_UNINITIALIZED_AUTOS = YES_AGGRESSIVE;
				GCC_WARN_UNUSED_FUNCTION = YES;
				GCC_WARN_UNUSED_VARIABLE = YES;
				IPHONEOS_DEPLOYMENT_TARGET = 16.4;
				MTL_ENABLE_DEBUG_INFO = NO;
				MTL_FAST_MATH = YES;
				SDKROOT = iphoneos;
				SWIFT_COMPILATION_MODE = wholemodule;
				SWIFT_OPTIMIZATION_LEVEL = "-O";
				VALIDATE_PRODUCT = YES;
			};
			name = Release;
		};
		64027EBF2AC3B310000090B7 /* Debug */ = {
			isa = XCBuildConfiguration;
			buildSettings = {
				ASSETCATALOG_COMPILER_APPICON_NAME = AppIcon;
				ASSETCATALOG_COMPILER_GLOBAL_ACCENT_COLOR_NAME = AccentColor;
				CODE_SIGN_STYLE = Automatic;
				CURRENT_PROJECT_VERSION = 1;
				GENERATE_INFOPLIST_FILE = YES;
				INFOPLIST_FILE = DesafioCollectionView/Info.plist;
				INFOPLIST_KEY_UIApplicationSupportsIndirectInputEvents = YES;
				INFOPLIST_KEY_UILaunchStoryboardName = LaunchScreen;
				INFOPLIST_KEY_UIMainStoryboardFile = Main;
				INFOPLIST_KEY_UISupportedInterfaceOrientations_iPad = "UIInterfaceOrientationPortrait UIInterfaceOrientationPortraitUpsideDown UIInterfaceOrientationLandscapeLeft UIInterfaceOrientationLandscapeRight";
				INFOPLIST_KEY_UISupportedInterfaceOrientations_iPhone = "UIInterfaceOrientationPortrait UIInterfaceOrientationLandscapeLeft UIInterfaceOrientationLandscapeRight";
				LD_RUNPATH_SEARCH_PATHS = (
					"$(inherited)",
					"@executable_path/Frameworks",
				);
				MARKETING_VERSION = 1.0;
				PRODUCT_BUNDLE_IDENTIFIER = backfront.DesafioCollectionView;
				PRODUCT_NAME = "$(TARGET_NAME)";
				SWIFT_EMIT_LOC_STRINGS = YES;
				SWIFT_VERSION = 5.0;
				TARGETED_DEVICE_FAMILY = "1,2";
			};
			name = Debug;
		};
		64027EC02AC3B310000090B7 /* Release */ = {
			isa = XCBuildConfiguration;
			buildSettings = {
				ASSETCATALOG_COMPILER_APPICON_NAME = AppIcon;
				ASSETCATALOG_COMPILER_GLOBAL_ACCENT_COLOR_NAME = AccentColor;
				CODE_SIGN_STYLE = Automatic;
				CURRENT_PROJECT_VERSION = 1;
				GENERATE_INFOPLIST_FILE = YES;
				INFOPLIST_FILE = DesafioCollectionView/Info.plist;
				INFOPLIST_KEY_UIApplicationSupportsIndirectInputEvents = YES;
				INFOPLIST_KEY_UILaunchStoryboardName = LaunchScreen;
				INFOPLIST_KEY_UIMainStoryboardFile = Main;
				INFOPLIST_KEY_UISupportedInterfaceOrientations_iPad = "UIInterfaceOrientationPortrait UIInterfaceOrientationPortraitUpsideDown UIInterfaceOrientationLandscapeLeft UIInterfaceOrientationLandscapeRight";
				INFOPLIST_KEY_UISupportedInterfaceOrientations_iPhone = "UIInterfaceOrientationPortrait UIInterfaceOrientationLandscapeLeft UIInterfaceOrientationLandscapeRight";
				LD_RUNPATH_SEARCH_PATHS = (
					"$(inherited)",
					"@executable_path/Frameworks",
				);
				MARKETING_VERSION = 1.0;
				PRODUCT_BUNDLE_IDENTIFIER = backfront.DesafioCollectionView;
				PRODUCT_NAME = "$(TARGET_NAME)";
				SWIFT_EMIT_LOC_STRINGS = YES;
				SWIFT_VERSION = 5.0;
				TARGETED_DEVICE_FAMILY = "1,2";
			};
			name = Release;
		};
/* End XCBuildConfiguration section */

/* Begin XCConfigurationList section */
		64027EA52AC3B30E000090B7 /* Build configuration list for PBXProject "DesafioCollectionView" */ = {
			isa = XCConfigurationList;
			buildConfigurations = (
				64027EBC2AC3B310000090B7 /* Debug */,
				64027EBD2AC3B310000090B7 /* Release */,
			);
			defaultConfigurationIsVisible = 0;
			defaultConfigurationName = Release;
		};
		64027EBE2AC3B310000090B7 /* Build configuration list for PBXNativeTarget "DesafioCollectionView" */ = {
			isa = XCConfigurationList;
			buildConfigurations = (
				64027EBF2AC3B310000090B7 /* Debug */,
				64027EC02AC3B310000090B7 /* Release */,
			);
			defaultConfigurationIsVisible = 0;
			defaultConfigurationName = Release;
		};
/* End XCConfigurationList section */
	};
	rootObject = 64027EA22AC3B30E000090B7 /* Project object */;
}
