// !$*UTF8*$!
{
	archiveVersion = 1;
	classes = {
	};
	objectVersion = 56;
	objects = {

/* Begin PBXBuildFile section */
		645E48182ABCFB7E0095ABFB /* AppDelegate.swift in Sources */ = {isa = PBXBuildFile; fileRef = 645E48172ABCFB7E0095ABFB /* AppDelegate.swift */; };
		645E481A2ABCFB7E0095ABFB /* SceneDelegate.swift in Sources */ = {isa = PBXBuildFile; fileRef = 645E48192ABCFB7E0095ABFB /* SceneDelegate.swift */; };
		645E481C2ABCFB7E0095ABFB /* ViewController.swift in Sources */ = {isa = PBXBuildFile; fileRef = 645E481B2ABCFB7E0095ABFB /* ViewController.swift */; };
		645E481F2ABCFB7E0095ABFB /* Main.storyboard in Resources */ = {isa = PBXBuildFile; fileRef = 645E481D2ABCFB7E0095ABFB /* Main.storyboard */; };
		645E48242ABCFB800095ABFB /* LaunchScreen.storyboard in Resources */ = {isa = PBXBuildFile; fileRef = 645E48222ABCFB800095ABFB /* LaunchScreen.storyboard */; };
		645E482E2ABD02B70095ABFB /* NameTableViewCell.swift in Sources */ = {isa = PBXBuildFile; fileRef = 645E482C2ABD02B70095ABFB /* NameTableViewCell.swift */; };
		645E482F2ABD02B70095ABFB /* NameTableViewCell.xib in Resources */ = {isa = PBXBuildFile; fileRef = 645E482D2ABD02B70095ABFB /* NameTableViewCell.xib */; };
		645E48332ABD1EDB0095ABFB /* Person.swift in Sources */ = {isa = PBXBuildFile; fileRef = 645E48322ABD1EDB0095ABFB /* Person.swift */; };
		645E48352ABD248E0095ABFB /* Assets.xcassets in Resources */ = {isa = PBXBuildFile; fileRef = 645E48342ABD248E0095ABFB /* Assets.xcassets */; };
/* End PBXBuildFile section */

/* Begin PBXFileReference section */
		645E48142ABCFB7E0095ABFB /* TableViewSimplesTurma251BF.app */ = {isa = PBXFileReference; explicitFileType = wrapper.application; includeInIndex = 0; path = TableViewSimplesTurma251BF.app; sourceTree = BUILT_PRODUCTS_DIR; };
		645E48172ABCFB7E0095ABFB /* AppDelegate.swift */ = {isa = PBXFileReference; lastKnownFileType = sourcecode.swift; path = AppDelegate.swift; sourceTree = "<group>"; };
		645E48192ABCFB7E0095ABFB /* SceneDelegate.swift */ = {isa = PBXFileReference; lastKnownFileType = sourcecode.swift; path = SceneDelegate.swift; sourceTree = "<group>"; };
		645E481B2ABCFB7E0095ABFB /* ViewController.swift */ = {isa = PBXFileReference; lastKnownFileType = sourcecode.swift; path = ViewController.swift; sourceTree = "<group>"; };
		645E481E2ABCFB7E0095ABFB /* Base */ = {isa = PBXFileReference; lastKnownFileType = file.storyboard; name = Base; path = Base.lproj/Main.storyboard; sourceTree = "<group>"; };
		645E48232ABCFB800095ABFB /* Base */ = {isa = PBXFileReference; lastKnownFileType = file.storyboard; name = Base; path = Base.lproj/LaunchScreen.storyboard; sourceTree = "<group>"; };
		645E48252ABCFB800095ABFB /* Info.plist */ = {isa = PBXFileReference; lastKnownFileType = text.plist.xml; path = Info.plist; sourceTree = "<group>"; };
		645E482C2ABD02B70095ABFB /* NameTableViewCell.swift */ = {isa = PBXFileReference; lastKnownFileType = sourcecode.swift; path = NameTableViewCell.swift; sourceTree = "<group>"; };
		645E482D2ABD02B70095ABFB /* NameTableViewCell.xib */ = {isa = PBXFileReference; lastKnownFileType = file.xib; path = NameTableViewCell.xib; sourceTree = "<group>"; };
		645E48322ABD1EDB0095ABFB /* Person.swift */ = {isa = PBXFileReference; lastKnownFileType = sourcecode.swift; path = Person.swift; sourceTree = "<group>"; };
		645E48342ABD248E0095ABFB /* Assets.xcassets */ = {isa = PBXFileReference; lastKnownFileType = folder.assetcatalog; name = Assets.xcassets; path = ../../Assets.xcassets; sourceTree = "<group>"; };
/* End PBXFileReference section */

/* Begin PBXFrameworksBuildPhase section */
		645E48112ABCFB7E0095ABFB /* Frameworks */ = {
			isa = PBXFrameworksBuildPhase;
			buildActionMask = 2147483647;
			files = (
			);
			runOnlyForDeploymentPostprocessing = 0;
		};
/* End PBXFrameworksBuildPhase section */

/* Begin PBXGroup section */
		645E480B2ABCFB7E0095ABFB = {
			isa = PBXGroup;
			children = (
				645E48162ABCFB7E0095ABFB /* TableViewSimplesTurma251BF */,
				645E48152ABCFB7E0095ABFB /* Products */,
			);
			sourceTree = "<group>";
		};
		645E48152ABCFB7E0095ABFB /* Products */ = {
			isa = PBXGroup;
			children = (
				645E48142ABCFB7E0095ABFB /* TableViewSimplesTurma251BF.app */,
			);
			name = Products;
			sourceTree = "<group>";
		};
		645E48162ABCFB7E0095ABFB /* TableViewSimplesTurma251BF */ = {
			isa = PBXGroup;
			children = (
				645E48302ABD1EB90095ABFB /* Model */,
				645E482B2ABD026A0095ABFB /* Cell */,
				645E48172ABCFB7E0095ABFB /* AppDelegate.swift */,
				645E48192ABCFB7E0095ABFB /* SceneDelegate.swift */,
				645E481B2ABCFB7E0095ABFB /* ViewController.swift */,
				645E481D2ABCFB7E0095ABFB /* Main.storyboard */,
				645E48342ABD248E0095ABFB /* Assets.xcassets */,
				645E48222ABCFB800095ABFB /* LaunchScreen.storyboard */,
				645E48252ABCFB800095ABFB /* Info.plist */,
			);
			path = TableViewSimplesTurma251BF;
			sourceTree = "<group>";
		};
		645E482B2ABD026A0095ABFB /* Cell */ = {
			isa = PBXGroup;
			children = (
				645E482C2ABD02B70095ABFB /* NameTableViewCell.swift */,
				645E482D2ABD02B70095ABFB /* NameTableViewCell.xib */,
			);
			path = Cell;
			sourceTree = "<group>";
		};
		645E48302ABD1EB90095ABFB /* Model */ = {
			isa = PBXGroup;
			children = (
				645E48322ABD1EDB0095ABFB /* Person.swift */,
			);
			path = Model;
			sourceTree = "<group>";
		};
/* End PBXGroup section */

/* Begin PBXNativeTarget section */
		645E48132ABCFB7E0095ABFB /* TableViewSimplesTurma251BF */ = {
			isa = PBXNativeTarget;
			buildConfigurationList = 645E48282ABCFB800095ABFB /* Build configuration list for PBXNativeTarget "TableViewSimplesTurma251BF" */;
			buildPhases = (
				645E48102ABCFB7E0095ABFB /* Sources */,
				645E48112ABCFB7E0095ABFB /* Frameworks */,
				645E48122ABCFB7E0095ABFB /* Resources */,
			);
			buildRules = (
			);
			dependencies = (
			);
			name = TableViewSimplesTurma251BF;
			productName = TableViewSimplesTurma251BF;
			productReference = 645E48142ABCFB7E0095ABFB /* TableViewSimplesTurma251BF.app */;
			productType = "com.apple.product-type.application";
		};
/* End PBXNativeTarget section */

/* Begin PBXProject section */
		645E480C2ABCFB7E0095ABFB /* Project object */ = {
			isa = PBXProject;
			attributes = {
				BuildIndependentTargetsInParallel = 1;
				LastSwiftUpdateCheck = 1430;
				LastUpgradeCheck = 1430;
				TargetAttributes = {
					645E48132ABCFB7E0095ABFB = {
						CreatedOnToolsVersion = 14.3.1;
					};
				};
			};
			buildConfigurationList = 645E480F2ABCFB7E0095ABFB /* Build configuration list for PBXProject "TableViewSimplesTurma251BF" */;
			compatibilityVersion = "Xcode 14.0";
			developmentRegion = en;
			hasScannedForEncodings = 0;
			knownRegions = (
				en,
				Base,
			);
			mainGroup = 645E480B2ABCFB7E0095ABFB;
			productRefGroup = 645E48152ABCFB7E0095ABFB /* Products */;
			projectDirPath = "";
			projectRoot = "";
			targets = (
				645E48132ABCFB7E0095ABFB /* TableViewSimplesTurma251BF */,
			);
		};
/* End PBXProject section */

/* Begin PBXResourcesBuildPhase section */
		645E48122ABCFB7E0095ABFB /* Resources */ = {
			isa = PBXResourcesBuildPhase;
			buildActionMask = 2147483647;
			files = (
				645E48242ABCFB800095ABFB /* LaunchScreen.storyboard in Resources */,
				645E482F2ABD02B70095ABFB /* NameTableViewCell.xib in Resources */,
				645E481F2ABCFB7E0095ABFB /* Main.storyboard in Resources */,
				645E48352ABD248E0095ABFB /* Assets.xcassets in Resources */,
			);
			runOnlyForDeploymentPostprocessing = 0;
		};
/* End PBXResourcesBuildPhase section */

/* Begin PBXSourcesBuildPhase section */
		645E48102ABCFB7E0095ABFB /* Sources */ = {
			isa = PBXSourcesBuildPhase;
			buildActionMask = 2147483647;
			files = (
				645E48332ABD1EDB0095ABFB /* Person.swift in Sources */,
				645E481C2ABCFB7E0095ABFB /* ViewController.swift in Sources */,
				645E48182ABCFB7E0095ABFB /* AppDelegate.swift in Sources */,
				645E482E2ABD02B70095ABFB /* NameTableViewCell.swift in Sources */,
				645E481A2ABCFB7E0095ABFB /* SceneDelegate.swift in Sources */,
			);
			runOnlyForDeploymentPostprocessing = 0;
		};
/* End PBXSourcesBuildPhase section */

/* Begin PBXVariantGroup section */
		645E481D2ABCFB7E0095ABFB /* Main.storyboard */ = {
			isa = PBXVariantGroup;
			children = (
				645E481E2ABCFB7E0095ABFB /* Base */,
			);
			name = Main.storyboard;
			sourceTree = "<group>";
		};
		645E48222ABCFB800095ABFB /* LaunchScreen.storyboard */ = {
			isa = PBXVariantGroup;
			children = (
				645E48232ABCFB800095ABFB /* Base */,
			);
			name = LaunchScreen.storyboard;
			sourceTree = "<group>";
		};
/* End PBXVariantGroup section */

/* Begin XCBuildConfiguration section */
		645E48262ABCFB800095ABFB /* Debug */ = {
			isa = XCBuildConfiguration;
			buildSettings = {
				ALWAYS_SEARCH_USER_PATHS = NO;
				CLANG_ANALYZER_NONNULL = YES;
				CLANG_ANALYZER_NUMBER_OBJECT_CONVERSION = YES_AGGRESSIVE;
				CLANG_CXX_LANGUAGE_STANDARD = "gnu++20";
				CLANG_ENABLE_MODULES = YES;
				CLANG_ENABLE_OBJC_ARC = YES;
				CLANG_ENABLE_OBJC_WEAK = YES;
				CLANG_WARN_BLOCK_CAPTURE_AUTORELEASING = YES;
				CLANG_WARN_BOOL_CONVERSION = YES;
				CLANG_WARN_COMMA = YES;
				CLANG_WARN_CONSTANT_CONVERSION = YES;
				CLANG_WARN_DEPRECATED_OBJC_IMPLEMENTATIONS = YES;
				CLANG_WARN_DIRECT_OBJC_ISA_USAGE = YES_ERROR;
				CLANG_WARN_DOCUMENTATION_COMMENTS = YES;
				CLANG_WARN_EMPTY_BODY = YES;
				CLANG_WARN_ENUM_CONVERSION = YES;
				CLANG_WARN_INFINITE_RECURSION = YES;
				CLANG_WARN_INT_CONVERSION = YES;
				CLANG_WARN_NON_LITERAL_NULL_CONVERSION = YES;
				CLANG_WARN_OBJC_IMPLICIT_RETAIN_SELF = YES;
				CLANG_WARN_OBJC_LITERAL_CONVERSION = YES;
				CLANG_WARN_OBJC_ROOT_CLASS = YES_ERROR;
				CLANG_WARN_QUOTED_INCLUDE_IN_FRAMEWORK_HEADER = YES;
				CLANG_WARN_RANGE_LOOP_ANALYSIS = YES;
				CLANG_WARN_STRICT_PROTOTYPES = YES;
				CLANG_WARN_SUSPICIOUS_MOVE = YES;
				CLANG_WARN_UNGUARDED_AVAILABILITY = YES_AGGRESSIVE;
				CLANG_WARN_UNREACHABLE_CODE = YES;
				CLANG_WARN__DUPLICATE_METHOD_MATCH = YES;
				COPY_PHASE_STRIP = NO;
				DEBUG_INFORMATION_FORMAT = dwarf;
				ENABLE_STRICT_OBJC_MSGSEND = YES;
				ENABLE_TESTABILITY = YES;
				GCC_C_LANGUAGE_STANDARD = gnu11;
				GCC_DYNAMIC_NO_PIC = NO;
				GCC_NO_COMMON_BLOCKS = YES;
				GCC_OPTIMIZATION_LEVEL = 0;
				GCC_PREPROCESSOR_DEFINITIONS = (
					"DEBUG=1",
					"$(inherited)",
				);
				GCC_WARN_64_TO_32_BIT_CONVERSION = YES;
				GCC_WARN_ABOUT_RETURN_TYPE = YES_ERROR;
				GCC_WARN_UNDECLARED_SELECTOR = YES;
				GCC_WARN_UNINITIALIZED_AUTOS = YES_AGGRESSIVE;
				GCC_WARN_UNUSED_FUNCTION = YES;
				GCC_WARN_UNUSED_VARIABLE = YES;
				IPHONEOS_DEPLOYMENT_TARGET = 16.4;
				MTL_ENABLE_DEBUG_INFO = INCLUDE_SOURCE;
				MTL_FAST_MATH = YES;
				ONLY_ACTIVE_ARCH = YES;
				SDKROOT = iphoneos;
				SWIFT_ACTIVE_COMPILATION_CONDITIONS = DEBUG;
				SWIFT_OPTIMIZATION_LEVEL = "-Onone";
			};
			name = Debug;
		};
		645E48272ABCFB800095ABFB /* Release */ = {
			isa = XCBuildConfiguration;
			buildSettings = {
				ALWAYS_SEARCH_USER_PATHS = NO;
				CLANG_ANALYZER_NONNULL = YES;
				CLANG_ANALYZER_NUMBER_OBJECT_CONVERSION = YES_AGGRESSIVE;
				CLANG_CXX_LANGUAGE_STANDARD = "gnu++20";
				CLANG_ENABLE_MODULES = YES;
				CLANG_ENABLE_OBJC_ARC = YES;
				CLANG_ENABLE_OBJC_WEAK = YES;
				CLANG_WARN_BLOCK_CAPTURE_AUTORELEASING = YES;
				CLANG_WARN_BOOL_CONVERSION = YES;
				CLANG_WARN_COMMA = YES;
				CLANG_WARN_CONSTANT_CONVERSION = YES;
				CLANG_WARN_DEPRECATED_OBJC_IMPLEMENTATIONS = YES;
				CLANG_WARN_DIRECT_OBJC_ISA_USAGE = YES_ERROR;
				CLANG_WARN_DOCUMENTATION_COMMENTS = YES;
				CLANG_WARN_EMPTY_BODY = YES;
				CLANG_WARN_ENUM_CONVERSION = YES;
				CLANG_WARN_INFINITE_RECURSION = YES;
				CLANG_WARN_INT_CONVERSION = YES;
				CLANG_WARN_NON_LITERAL_NULL_CONVERSION = YES;
				CLANG_WARN_OBJC_IMPLICIT_RETAIN_SELF = YES;
				CLANG_WARN_OBJC_LITERAL_CONVERSION = YES;
				CLANG_WARN_OBJC_ROOT_CLASS = YES_ERROR;
				CLANG_WARN_QUOTED_INCLUDE_IN_FRAMEWORK_HEADER = YES;
				CLANG_WARN_RANGE_LOOP_ANALYSIS = YES;
				CLANG_WARN_STRICT_PROTOTYPES = YES;
				CLANG_WARN_SUSPICIOUS_MOVE = YES;
				CLANG_WARN_UNGUARDED_AVAILABILITY = YES_AGGRESSIVE;
				CLANG_WARN_UNREACHABLE_CODE = YES;
				CLANG_WARN__DUPLICATE_METHOD_MATCH = YES;
				COPY_PHASE_STRIP = NO;
				DEBUG_INFORMATION_FORMAT = "dwarf-with-dsym";
				ENABLE_NS_ASSERTIONS = NO;
				ENABLE_STRICT_OBJC_MSGSEND = YES;
				GCC_C_LANGUAGE_STANDARD = gnu11;
				GCC_NO_COMMON_BLOCKS = YES;
				GCC_WARN_64_TO_32_BIT_CONVERSION = YES;
				GCC_WARN_ABOUT_RETURN_TYPE = YES_ERROR;
				GCC_WARN_UNDECLARED_SELECTOR = YES;
				GCC_WARN_UNINITIALIZED_AUTOS = YES_AGGRESSIVE;
				GCC_WARN_UNUSED_FUNCTION = YES;
				GCC_WARN_UNUSED_VARIABLE = YES;
				IPHONEOS_DEPLOYMENT_TARGET = 16.4;
				MTL_ENABLE_DEBUG_INFO = NO;
				MTL_FAST_MATH = YES;
				SDKROOT = iphoneos;
				SWIFT_COMPILATION_MODE = wholemodule;
				SWIFT_OPTIMIZATION_LEVEL = "-O";
				VALIDATE_PRODUCT = YES;
			};
			name = Release;
		};
		645E48292ABCFB800095ABFB /* Debug */ = {
			isa = XCBuildConfiguration;
			buildSettings = {
				ASSETCATALOG_COMPILER_APPICON_NAME = AppIcon;
				ASSETCATALOG_COMPILER_GLOBAL_ACCENT_COLOR_NAME = AccentColor;
				CODE_SIGN_STYLE = Automatic;
				CURRENT_PROJECT_VERSION = 1;
				GENERATE_INFOPLIST_FILE = YES;
				INFOPLIST_FILE = TableViewSimplesTurma251BF/Info.plist;
				INFOPLIST_KEY_UIApplicationSupportsIndirectInputEvents = YES;
				INFOPLIST_KEY_UILaunchStoryboardName = LaunchScreen;
				INFOPLIST_KEY_UIMainStoryboardFile = Main;
				INFOPLIST_KEY_UISupportedInterfaceOrientations_iPad = "UIInterfaceOrientationPortrait UIInterfaceOrientationPortraitUpsideDown UIInterfaceOrientationLandscapeLeft UIInterfaceOrientationLandscapeRight";
				INFOPLIST_KEY_UISupportedInterfaceOrientations_iPhone = "UIInterfaceOrientationPortrait UIInterfaceOrientationLandscapeLeft UIInterfaceOrientationLandscapeRight";
				LD_RUNPATH_SEARCH_PATHS = (
					"$(inherited)",
					"@executable_path/Frameworks",
				);
				MARKETING_VERSION = 1.0;
				PRODUCT_BUNDLE_IDENTIFIER = backfront.TableViewSimplesTurma251BF;
				PRODUCT_NAME = "$(TARGET_NAME)";
				SWIFT_EMIT_LOC_STRINGS = YES;
				SWIFT_VERSION = 5.0;
				TARGETED_DEVICE_FAMILY = "1,2";
			};
			name = Debug;
		};
		645E482A2ABCFB800095ABFB /* Release */ = {
			isa = XCBuildConfiguration;
			buildSettings = {
				ASSETCATALOG_COMPILER_APPICON_NAME = AppIcon;
				ASSETCATALOG_COMPILER_GLOBAL_ACCENT_COLOR_NAME = AccentColor;
				CODE_SIGN_STYLE = Automatic;
				CURRENT_PROJECT_VERSION = 1;
				GENERATE_INFOPLIST_FILE = YES;
				INFOPLIST_FILE = TableViewSimplesTurma251BF/Info.plist;
				INFOPLIST_KEY_UIApplicationSupportsIndirectInputEvents = YES;
				INFOPLIST_KEY_UILaunchStoryboardName = LaunchScreen;
				INFOPLIST_KEY_UIMainStoryboardFile = Main;
				INFOPLIST_KEY_UISupportedInterfaceOrientations_iPad = "UIInterfaceOrientationPortrait UIInterfaceOrientationPortraitUpsideDown UIInterfaceOrientationLandscapeLeft UIInterfaceOrientationLandscapeRight";
				INFOPLIST_KEY_UISupportedInterfaceOrientations_iPhone = "UIInterfaceOrientationPortrait UIInterfaceOrientationLandscapeLeft UIInterfaceOrientationLandscapeRight";
				LD_RUNPATH_SEARCH_PATHS = (
					"$(inherited)",
					"@executable_path/Frameworks",
				);
				MARKETING_VERSION = 1.0;
				PRODUCT_BUNDLE_IDENTIFIER = backfront.TableViewSimplesTurma251BF;
				PRODUCT_NAME = "$(TARGET_NAME)";
				SWIFT_EMIT_LOC_STRINGS = YES;
				SWIFT_VERSION = 5.0;
				TARGETED_DEVICE_FAMILY = "1,2";
			};
			name = Release;
		};
/* End XCBuildConfiguration section */

/* Begin XCConfigurationList section */
		645E480F2ABCFB7E0095ABFB /* Build configuration list for PBXProject "TableViewSimplesTurma251BF" */ = {
			isa = XCConfigurationList;
			buildConfigurations = (
				645E48262ABCFB800095ABFB /* Debug */,
				645E48272ABCFB800095ABFB /* Release */,
			);
			defaultConfigurationIsVisible = 0;
			defaultConfigurationName = Release;
		};
		645E48282ABCFB800095ABFB /* Build configuration list for PBXNativeTarget "TableViewSimplesTurma251BF" */ = {
			isa = XCConfigurationList;
			buildConfigurations = (
				645E48292ABCFB800095ABFB /* Debug */,
				645E482A2ABCFB800095ABFB /* Release */,
			);
			defaultConfigurationIsVisible = 0;
			defaultConfigurationName = Release;
		};
/* End XCConfigurationList section */
	};
	rootObject = 645E480C2ABCFB7E0095ABFB /* Project object */;
}
