// !$*UTF8*$!
{
	archiveVersion = 1;
	classes = {
	};
	objectVersion = 56;
	objects = {

/* Begin PBXBuildFile section */
		645E48432ABD27A50095ABFB /* AppDelegate.swift in Sources */ = {isa = PBXBuildFile; fileRef = 645E48422ABD27A50095ABFB /* AppDelegate.swift */; };
		645E48452ABD27A50095ABFB /* SceneDelegate.swift in Sources */ = {isa = PBXBuildFile; fileRef = 645E48442ABD27A50095ABFB /* SceneDelegate.swift */; };
		645E48472ABD27A50095ABFB /* ViewController.swift in Sources */ = {isa = PBXBuildFile; fileRef = 645E48462ABD27A50095ABFB /* ViewController.swift */; };
		645E484A2ABD27A50095ABFB /* Main.storyboard in Resources */ = {isa = PBXBuildFile; fileRef = 645E48482ABD27A50095ABFB /* Main.storyboard */; };
		645E484F2ABD27A60095ABFB /* LaunchScreen.storyboard in Resources */ = {isa = PBXBuildFile; fileRef = 645E484D2ABD27A60095ABFB /* LaunchScreen.storyboard */; };
		645E485C2ABD2AD80095ABFB /* NamesTableViewCell.swift in Sources */ = {isa = PBXBuildFile; fileRef = 645E485A2ABD2AD80095ABFB /* NamesTableViewCell.swift */; };
		645E485D2ABD2AD80095ABFB /* NamesTableViewCell.xib in Resources */ = {isa = PBXBuildFile; fileRef = 645E485B2ABD2AD80095ABFB /* NamesTableViewCell.xib */; };
		645E485F2ABD2B070095ABFB /* Assets.xcassets in Resources */ = {isa = PBXBuildFile; fileRef = 645E485E2ABD2B070095ABFB /* Assets.xcassets */; };
		645E48622ABD2F430095ABFB /* Car.swift in Sources */ = {isa = PBXBuildFile; fileRef = 645E48612ABD2F430095ABFB /* Car.swift */; };
/* End PBXBuildFile section */

/* Begin PBXFileReference section */
		645E483F2ABD27A50095ABFB /* DesafioTableView.app */ = {isa = PBXFileReference; explicitFileType = wrapper.application; includeInIndex = 0; path = DesafioTableView.app; sourceTree = BUILT_PRODUCTS_DIR; };
		645E48422ABD27A50095ABFB /* AppDelegate.swift */ = {isa = PBXFileReference; lastKnownFileType = sourcecode.swift; path = AppDelegate.swift; sourceTree = "<group>"; };
		645E48442ABD27A50095ABFB /* SceneDelegate.swift */ = {isa = PBXFileReference; lastKnownFileType = sourcecode.swift; path = SceneDelegate.swift; sourceTree = "<group>"; };
		645E48462ABD27A50095ABFB /* ViewController.swift */ = {isa = PBXFileReference; lastKnownFileType = sourcecode.swift; path = ViewController.swift; sourceTree = "<group>"; };
		645E48492ABD27A50095ABFB /* Base */ = {isa = PBXFileReference; lastKnownFileType = file.storyboard; name = Base; path = Base.lproj/Main.storyboard; sourceTree = "<group>"; };
		645E484E2ABD27A60095ABFB /* Base */ = {isa = PBXFileReference; lastKnownFileType = file.storyboard; name = Base; path = Base.lproj/LaunchScreen.storyboard; sourceTree = "<group>"; };
		645E48502ABD27A60095ABFB /* Info.plist */ = {isa = PBXFileReference; lastKnownFileType = text.plist.xml; path = Info.plist; sourceTree = "<group>"; };
		645E485A2ABD2AD80095ABFB /* NamesTableViewCell.swift */ = {isa = PBXFileReference; lastKnownFileType = sourcecode.swift; path = NamesTableViewCell.swift; sourceTree = "<group>"; };
		645E485B2ABD2AD80095ABFB /* NamesTableViewCell.xib */ = {isa = PBXFileReference; lastKnownFileType = file.xib; path = NamesTableViewCell.xib; sourceTree = "<group>"; };
		645E485E2ABD2B070095ABFB /* Assets.xcassets */ = {isa = PBXFileReference; lastKnownFileType = folder.assetcatalog; name = Assets.xcassets; path = ../../Assets.xcassets; sourceTree = "<group>"; };
		645E48612ABD2F430095ABFB /* Car.swift */ = {isa = PBXFileReference; lastKnownFileType = sourcecode.swift; path = Car.swift; sourceTree = "<group>"; };
/* End PBXFileReference section */

/* Begin PBXFrameworksBuildPhase section */
		645E483C2ABD27A50095ABFB /* Frameworks */ = {
			isa = PBXFrameworksBuildPhase;
			buildActionMask = 2147483647;
			files = (
			);
			runOnlyForDeploymentPostprocessing = 0;
		};
/* End PBXFrameworksBuildPhase section */

/* Begin PBXGroup section */
		645E48362ABD27A40095ABFB = {
			isa = PBXGroup;
			children = (
				645E48412ABD27A50095ABFB /* DesafioTableView */,
				645E48402ABD27A50095ABFB /* Products */,
			);
			sourceTree = "<group>";
		};
		645E48402ABD27A50095ABFB /* Products */ = {
			isa = PBXGroup;
			children = (
				645E483F2ABD27A50095ABFB /* DesafioTableView.app */,
			);
			name = Products;
			sourceTree = "<group>";
		};
		645E48412ABD27A50095ABFB /* DesafioTableView */ = {
			isa = PBXGroup;
			children = (
				645E48602ABD2F2A0095ABFB /* Model */,
				645E48562ABD290F0095ABFB /* Cell */,
				645E48422ABD27A50095ABFB /* AppDelegate.swift */,
				645E48442ABD27A50095ABFB /* SceneDelegate.swift */,
				645E48462ABD27A50095ABFB /* ViewController.swift */,
				645E48482ABD27A50095ABFB /* Main.storyboard */,
				645E485E2ABD2B070095ABFB /* Assets.xcassets */,
				645E484D2ABD27A60095ABFB /* LaunchScreen.storyboard */,
				645E48502ABD27A60095ABFB /* Info.plist */,
			);
			path = DesafioTableView;
			sourceTree = "<group>";
		};
		645E48562ABD290F0095ABFB /* Cell */ = {
			isa = PBXGroup;
			children = (
				645E485A2ABD2AD80095ABFB /* NamesTableViewCell.swift */,
				645E485B2ABD2AD80095ABFB /* NamesTableViewCell.xib */,
			);
			path = Cell;
			sourceTree = "<group>";
		};
		645E48602ABD2F2A0095ABFB /* Model */ = {
			isa = PBXGroup;
			children = (
				645E48612ABD2F430095ABFB /* Car.swift */,
			);
			path = Model;
			sourceTree = "<group>";
		};
/* End PBXGroup section */

/* Begin PBXNativeTarget section */
		645E483E2ABD27A50095ABFB /* DesafioTableView */ = {
			isa = PBXNativeTarget;
			buildConfigurationList = 645E48532ABD27A60095ABFB /* Build configuration list for PBXNativeTarget "DesafioTableView" */;
			buildPhases = (
				645E483B2ABD27A50095ABFB /* Sources */,
				645E483C2ABD27A50095ABFB /* Frameworks */,
				645E483D2ABD27A50095ABFB /* Resources */,
			);
			buildRules = (
			);
			dependencies = (
			);
			name = DesafioTableView;
			productName = DesafioTableView;
			productReference = 645E483F2ABD27A50095ABFB /* DesafioTableView.app */;
			productType = "com.apple.product-type.application";
		};
/* End PBXNativeTarget section */

/* Begin PBXProject section */
		645E48372ABD27A40095ABFB /* Project object */ = {
			isa = PBXProject;
			attributes = {
				BuildIndependentTargetsInParallel = 1;
				LastSwiftUpdateCheck = 1430;
				LastUpgradeCheck = 1430;
				TargetAttributes = {
					645E483E2ABD27A50095ABFB = {
						CreatedOnToolsVersion = 14.3.1;
					};
				};
			};
			buildConfigurationList = 645E483A2ABD27A40095ABFB /* Build configuration list for PBXProject "DesafioTableView" */;
			compatibilityVersion = "Xcode 14.0";
			developmentRegion = en;
			hasScannedForEncodings = 0;
			knownRegions = (
				en,
				Base,
			);
			mainGroup = 645E48362ABD27A40095ABFB;
			productRefGroup = 645E48402ABD27A50095ABFB /* Products */;
			projectDirPath = "";
			projectRoot = "";
			targets = (
				645E483E2ABD27A50095ABFB /* DesafioTableView */,
			);
		};
/* End PBXProject section */

/* Begin PBXResourcesBuildPhase section */
		645E483D2ABD27A50095ABFB /* Resources */ = {
			isa = PBXResourcesBuildPhase;
			buildActionMask = 2147483647;
			files = (
				645E484F2ABD27A60095ABFB /* LaunchScreen.storyboard in Resources */,
				645E485D2ABD2AD80095ABFB /* NamesTableViewCell.xib in Resources */,
				645E484A2ABD27A50095ABFB /* Main.storyboard in Resources */,
				645E485F2ABD2B070095ABFB /* Assets.xcassets in Resources */,
			);
			runOnlyForDeploymentPostprocessing = 0;
		};
/* End PBXResourcesBuildPhase section */

/* Begin PBXSourcesBuildPhase section */
		645E483B2ABD27A50095ABFB /* Sources */ = {
			isa = PBXSourcesBuildPhase;
			buildActionMask = 2147483647;
			files = (
				645E48472ABD27A50095ABFB /* ViewController.swift in Sources */,
				645E48432ABD27A50095ABFB /* AppDelegate.swift in Sources */,
				645E48622ABD2F430095ABFB /* Car.swift in Sources */,
				645E485C2ABD2AD80095ABFB /* NamesTableViewCell.swift in Sources */,
				645E48452ABD27A50095ABFB /* SceneDelegate.swift in Sources */,
			);
			runOnlyForDeploymentPostprocessing = 0;
		};
/* End PBXSourcesBuildPhase section */

/* Begin PBXVariantGroup section */
		645E48482ABD27A50095ABFB /* Main.storyboard */ = {
			isa = PBXVariantGroup;
			children = (
				645E48492ABD27A50095ABFB /* Base */,
			);
			name = Main.storyboard;
			sourceTree = "<group>";
		};
		645E484D2ABD27A60095ABFB /* LaunchScreen.storyboard */ = {
			isa = PBXVariantGroup;
			children = (
				645E484E2ABD27A60095ABFB /* Base */,
			);
			name = LaunchScreen.storyboard;
			sourceTree = "<group>";
		};
/* End PBXVariantGroup section */

/* Begin XCBuildConfiguration section */
		645E48512ABD27A60095ABFB /* Debug */ = {
			isa = XCBuildConfiguration;
			buildSettings = {
				ALWAYS_SEARCH_USER_PATHS = NO;
				CLANG_ANALYZER_NONNULL = YES;
				CLANG_ANALYZER_NUMBER_OBJECT_CONVERSION = YES_AGGRESSIVE;
				CLANG_CXX_LANGUAGE_STANDARD = "gnu++20";
				CLANG_ENABLE_MODULES = YES;
				CLANG_ENABLE_OBJC_ARC = YES;
				CLANG_ENABLE_OBJC_WEAK = YES;
				CLANG_WARN_BLOCK_CAPTURE_AUTORELEASING = YES;
				CLANG_WARN_BOOL_CONVERSION = YES;
				CLANG_WARN_COMMA = YES;
				CLANG_WARN_CONSTANT_CONVERSION = YES;
				CLANG_WARN_DEPRECATED_OBJC_IMPLEMENTATIONS = YES;
				CLANG_WARN_DIRECT_OBJC_ISA_USAGE = YES_ERROR;
				CLANG_WARN_DOCUMENTATION_COMMENTS = YES;
				CLANG_WARN_EMPTY_BODY = YES;
				CLANG_WARN_ENUM_CONVERSION = YES;
				CLANG_WARN_INFINITE_RECURSION = YES;
				CLANG_WARN_INT_CONVERSION = YES;
				CLANG_WARN_NON_LITERAL_NULL_CONVERSION = YES;
				CLANG_WARN_OBJC_IMPLICIT_RETAIN_SELF = YES;
				CLANG_WARN_OBJC_LITERAL_CONVERSION = YES;
				CLANG_WARN_OBJC_ROOT_CLASS = YES_ERROR;
				CLANG_WARN_QUOTED_INCLUDE_IN_FRAMEWORK_HEADER = YES;
				CLANG_WARN_RANGE_LOOP_ANALYSIS = YES;
				CLANG_WARN_STRICT_PROTOTYPES = YES;
				CLANG_WARN_SUSPICIOUS_MOVE = YES;
				CLANG_WARN_UNGUARDED_AVAILABILITY = YES_AGGRESSIVE;
				CLANG_WARN_UNREACHABLE_CODE = YES;
				CLANG_WARN__DUPLICATE_METHOD_MATCH = YES;
				COPY_PHASE_STRIP = NO;
				DEBUG_INFORMATION_FORMAT = dwarf;
				ENABLE_STRICT_OBJC_MSGSEND = YES;
				ENABLE_TESTABILITY = YES;
				GCC_C_LANGUAGE_STANDARD = gnu11;
				GCC_DYNAMIC_NO_PIC = NO;
				GCC_NO_COMMON_BLOCKS = YES;
				GCC_OPTIMIZATION_LEVEL = 0;
				GCC_PREPROCESSOR_DEFINITIONS = (
					"DEBUG=1",
					"$(inherited)",
				);
				GCC_WARN_64_TO_32_BIT_CONVERSION = YES;
				GCC_WARN_ABOUT_RETURN_TYPE = YES_ERROR;
				GCC_WARN_UNDECLARED_SELECTOR = YES;
				GCC_WARN_UNINITIALIZED_AUTOS = YES_AGGRESSIVE;
				GCC_WARN_UNUSED_FUNCTION = YES;
				GCC_WARN_UNUSED_VARIABLE = YES;
				IPHONEOS_DEPLOYMENT_TARGET = 16.4;
				MTL_ENABLE_DEBUG_INFO = INCLUDE_SOURCE;
				MTL_FAST_MATH = YES;
				ONLY_ACTIVE_ARCH = YES;
				SDKROOT = iphoneos;
				SWIFT_ACTIVE_COMPILATION_CONDITIONS = DEBUG;
				SWIFT_OPTIMIZATION_LEVEL = "-Onone";
			};
			name = Debug;
		};
		645E48522ABD27A60095ABFB /* Release */ = {
			isa = XCBuildConfiguration;
			buildSettings = {
				ALWAYS_SEARCH_USER_PATHS = NO;
				CLANG_ANALYZER_NONNULL = YES;
				CLANG_ANALYZER_NUMBER_OBJECT_CONVERSION = YES_AGGRESSIVE;
				CLANG_CXX_LANGUAGE_STANDARD = "gnu++20";
				CLANG_ENABLE_MODULES = YES;
				CLANG_ENABLE_OBJC_ARC = YES;
				CLANG_ENABLE_OBJC_WEAK = YES;
				CLANG_WARN_BLOCK_CAPTURE_AUTORELEASING = YES;
				CLANG_WARN_BOOL_CONVERSION = YES;
				CLANG_WARN_COMMA = YES;
				CLANG_WARN_CONSTANT_CONVERSION = YES;
				CLANG_WARN_DEPRECATED_OBJC_IMPLEMENTATIONS = YES;
				CLANG_WARN_DIRECT_OBJC_ISA_USAGE = YES_ERROR;
				CLANG_WARN_DOCUMENTATION_COMMENTS = YES;
				CLANG_WARN_EMPTY_BODY = YES;
				CLANG_WARN_ENUM_CONVERSION = YES;
				CLANG_WARN_INFINITE_RECURSION = YES;
				CLANG_WARN_INT_CONVERSION = YES;
				CLANG_WARN_NON_LITERAL_NULL_CONVERSION = YES;
				CLANG_WARN_OBJC_IMPLICIT_RETAIN_SELF = YES;
				CLANG_WARN_OBJC_LITERAL_CONVERSION = YES;
				CLANG_WARN_OBJC_ROOT_CLASS = YES_ERROR;
				CLANG_WARN_QUOTED_INCLUDE_IN_FRAMEWORK_HEADER = YES;
				CLANG_WARN_RANGE_LOOP_ANALYSIS = YES;
				CLANG_WARN_STRICT_PROTOTYPES = YES;
				CLANG_WARN_SUSPICIOUS_MOVE = YES;
				CLANG_WARN_UNGUARDED_AVAILABILITY = YES_AGGRESSIVE;
				CLANG_WARN_UNREACHABLE_CODE = YES;
				CLANG_WARN__DUPLICATE_METHOD_MATCH = YES;
				COPY_PHASE_STRIP = NO;
				DEBUG_INFORMATION_FORMAT = "dwarf-with-dsym";
				ENABLE_NS_ASSERTIONS = NO;
				ENABLE_STRICT_OBJC_MSGSEND = YES;
				GCC_C_LANGUAGE_STANDARD = gnu11;
				GCC_NO_COMMON_BLOCKS = YES;
				GCC_WARN_64_TO_32_BIT_CONVERSION = YES;
				GCC_WARN_ABOUT_RETURN_TYPE = YES_ERROR;
				GCC_WARN_UNDECLARED_SELECTOR = YES;
				GCC_WARN_UNINITIALIZED_AUTOS = YES_AGGRESSIVE;
				GCC_WARN_UNUSED_FUNCTION = YES;
				GCC_WARN_UNUSED_VARIABLE = YES;
				IPHONEOS_DEPLOYMENT_TARGET = 16.4;
				MTL_ENABLE_DEBUG_INFO = NO;
				MTL_FAST_MATH = YES;
				SDKROOT = iphoneos;
				SWIFT_COMPILATION_MODE = wholemodule;
				SWIFT_OPTIMIZATION_LEVEL = "-O";
				VALIDATE_PRODUCT = YES;
			};
			name = Release;
		};
		645E48542ABD27A60095ABFB /* Debug */ = {
			isa = XCBuildConfiguration;
			buildSettings = {
				ASSETCATALOG_COMPILER_APPICON_NAME = AppIcon;
				ASSETCATALOG_COMPILER_GLOBAL_ACCENT_COLOR_NAME = AccentColor;
				CODE_SIGN_STYLE = Automatic;
				CURRENT_PROJECT_VERSION = 1;
				GENERATE_INFOPLIST_FILE = YES;
				INFOPLIST_FILE = DesafioTableView/Info.plist;
				INFOPLIST_KEY_UIApplicationSupportsIndirectInputEvents = YES;
				INFOPLIST_KEY_UILaunchStoryboardName = LaunchScreen;
				INFOPLIST_KEY_UIMainStoryboardFile = Main;
				INFOPLIST_KEY_UISupportedInterfaceOrientations_iPad = "UIInterfaceOrientationPortrait UIInterfaceOrientationPortraitUpsideDown UIInterfaceOrientationLandscapeLeft UIInterfaceOrientationLandscapeRight";
				INFOPLIST_KEY_UISupportedInterfaceOrientations_iPhone = "UIInterfaceOrientationPortrait UIInterfaceOrientationLandscapeLeft UIInterfaceOrientationLandscapeRight";
				LD_RUNPATH_SEARCH_PATHS = (
					"$(inherited)",
					"@executable_path/Frameworks",
				);
				MARKETING_VERSION = 1.0;
				PRODUCT_BUNDLE_IDENTIFIER = backfront.DesafioTableView;
				PRODUCT_NAME = "$(TARGET_NAME)";
				SWIFT_EMIT_LOC_STRINGS = YES;
				SWIFT_VERSION = 5.0;
				TARGETED_DEVICE_FAMILY = "1,2";
			};
			name = Debug;
		};
		645E48552ABD27A60095ABFB /* Release */ = {
			isa = XCBuildConfiguration;
			buildSettings = {
				ASSETCATALOG_COMPILER_APPICON_NAME = AppIcon;
				ASSETCATALOG_COMPILER_GLOBAL_ACCENT_COLOR_NAME = AccentColor;
				CODE_SIGN_STYLE = Automatic;
				CURRENT_PROJECT_VERSION = 1;
				GENERATE_INFOPLIST_FILE = YES;
				INFOPLIST_FILE = DesafioTableView/Info.plist;
				INFOPLIST_KEY_UIApplicationSupportsIndirectInputEvents = YES;
				INFOPLIST_KEY_UILaunchStoryboardName = LaunchScreen;
				INFOPLIST_KEY_UIMainStoryboardFile = Main;
				INFOPLIST_KEY_UISupportedInterfaceOrientations_iPad = "UIInterfaceOrientationPortrait UIInterfaceOrientationPortraitUpsideDown UIInterfaceOrientationLandscapeLeft UIInterfaceOrientationLandscapeRight";
				INFOPLIST_KEY_UISupportedInterfaceOrientations_iPhone = "UIInterfaceOrientationPortrait UIInterfaceOrientationLandscapeLeft UIInterfaceOrientationLandscapeRight";
				LD_RUNPATH_SEARCH_PATHS = (
					"$(inherited)",
					"@executable_path/Frameworks",
				);
				MARKETING_VERSION = 1.0;
				PRODUCT_BUNDLE_IDENTIFIER = backfront.DesafioTableView;
				PRODUCT_NAME = "$(TARGET_NAME)";
				SWIFT_EMIT_LOC_STRINGS = YES;
				SWIFT_VERSION = 5.0;
				TARGETED_DEVICE_FAMILY = "1,2";
			};
			name = Release;
		};
/* End XCBuildConfiguration section */

/* Begin XCConfigurationList section */
		645E483A2ABD27A40095ABFB /* Build configuration list for PBXProject "DesafioTableView" */ = {
			isa = XCConfigurationList;
			buildConfigurations = (
				645E48512ABD27A60095ABFB /* Debug */,
				645E48522ABD27A60095ABFB /* Release */,
			);
			defaultConfigurationIsVisible = 0;
			defaultConfigurationName = Release;
		};
		645E48532ABD27A60095ABFB /* Build configuration list for PBXNativeTarget "DesafioTableView" */ = {
			isa = XCConfigurationList;
			buildConfigurations = (
				645E48542ABD27A60095ABFB /* Debug */,
				645E48552ABD27A60095ABFB /* Release */,
			);
			defaultConfigurationIsVisible = 0;
			defaultConfigurationName = Release;
		};
/* End XCConfigurationList section */
	};
	rootObject = 645E48372ABD27A40095ABFB /* Project object */;
}
