// !$*UTF8*$!
{
	archiveVersion = 1;
	classes = {
	};
	objectVersion = 56;
	objects = {

/* Begin PBXBuildFile section */
		645A93972ADCA1A30004DB78 /* AppDelegate.swift in Sources */ = {isa = PBXBuildFile; fileRef = 645A93962ADCA1A30004DB78 /* AppDelegate.swift */; };
		645A93992ADCA1A30004DB78 /* SceneDelegate.swift in Sources */ = {isa = PBXBuildFile; fileRef = 645A93982ADCA1A30004DB78 /* SceneDelegate.swift */; };
		645A939E2ADCA1A30004DB78 /* Main.storyboard in Resources */ = {isa = PBXBuildFile; fileRef = 645A939C2ADCA1A30004DB78 /* Main.storyboard */; };
		645A93A02ADCA1A50004DB78 /* Assets.xcassets in Resources */ = {isa = PBXBuildFile; fileRef = 645A939F2ADCA1A50004DB78 /* Assets.xcassets */; };
		645A93A32ADCA1A50004DB78 /* LaunchScreen.storyboard in Resources */ = {isa = PBXBuildFile; fileRef = 645A93A12ADCA1A50004DB78 /* LaunchScreen.storyboard */; };
		645A93AB2ADCA35D0004DB78 /* TabBarController.swift in Sources */ = {isa = PBXBuildFile; fileRef = 645A93AA2ADCA35D0004DB78 /* TabBarController.swift */; };
		645A93AF2ADCA7070004DB78 /* Tela01ViewController.swift in Sources */ = {isa = PBXBuildFile; fileRef = 645A93AE2ADCA7070004DB78 /* Tela01ViewController.swift */; };
		645A93B12ADCA71B0004DB78 /* Tela01ViewController.storyboard in Resources */ = {isa = PBXBuildFile; fileRef = 645A93B02ADCA71B0004DB78 /* Tela01ViewController.storyboard */; };
		645A93B42ADCA7590004DB78 /* Tela02ViewController.swift in Sources */ = {isa = PBXBuildFile; fileRef = 645A93B32ADCA7590004DB78 /* Tela02ViewController.swift */; };
		645A93B62ADCA76A0004DB78 /* Tela02ViewController.storyboard in Resources */ = {isa = PBXBuildFile; fileRef = 645A93B52ADCA76A0004DB78 /* Tela02ViewController.storyboard */; };
		645A93B92ADCB19A0004DB78 /* NSNotification.Name+Extension.swift in Sources */ = {isa = PBXBuildFile; fileRef = 645A93B82ADCB19A0004DB78 /* NSNotification.Name+Extension.swift */; };
/* End PBXBuildFile section */

/* Begin PBXFileReference section */
		645A93932ADCA1A30004DB78 /* Desafio07Turma351BF.app */ = {isa = PBXFileReference; explicitFileType = wrapper.application; includeInIndex = 0; path = Desafio07Turma351BF.app; sourceTree = BUILT_PRODUCTS_DIR; };
		645A93962ADCA1A30004DB78 /* AppDelegate.swift */ = {isa = PBXFileReference; lastKnownFileType = sourcecode.swift; path = AppDelegate.swift; sourceTree = "<group>"; };
		645A93982ADCA1A30004DB78 /* SceneDelegate.swift */ = {isa = PBXFileReference; lastKnownFileType = sourcecode.swift; path = SceneDelegate.swift; sourceTree = "<group>"; };
		645A939D2ADCA1A30004DB78 /* Base */ = {isa = PBXFileReference; lastKnownFileType = file.storyboard; name = Base; path = Base.lproj/Main.storyboard; sourceTree = "<group>"; };
		645A939F2ADCA1A50004DB78 /* Assets.xcassets */ = {isa = PBXFileReference; lastKnownFileType = folder.assetcatalog; path = Assets.xcassets; sourceTree = "<group>"; };
		645A93A22ADCA1A50004DB78 /* Base */ = {isa = PBXFileReference; lastKnownFileType = file.storyboard; name = Base; path = Base.lproj/LaunchScreen.storyboard; sourceTree = "<group>"; };
		645A93A42ADCA1A50004DB78 /* Info.plist */ = {isa = PBXFileReference; lastKnownFileType = text.plist.xml; path = Info.plist; sourceTree = "<group>"; };
		645A93AA2ADCA35D0004DB78 /* TabBarController.swift */ = {isa = PBXFileReference; lastKnownFileType = sourcecode.swift; path = TabBarController.swift; sourceTree = "<group>"; };
		645A93AE2ADCA7070004DB78 /* Tela01ViewController.swift */ = {isa = PBXFileReference; lastKnownFileType = sourcecode.swift; path = Tela01ViewController.swift; sourceTree = "<group>"; };
		645A93B02ADCA71B0004DB78 /* Tela01ViewController.storyboard */ = {isa = PBXFileReference; lastKnownFileType = file.storyboard; path = Tela01ViewController.storyboard; sourceTree = "<group>"; };
		645A93B32ADCA7590004DB78 /* Tela02ViewController.swift */ = {isa = PBXFileReference; lastKnownFileType = sourcecode.swift; path = Tela02ViewController.swift; sourceTree = "<group>"; };
		645A93B52ADCA76A0004DB78 /* Tela02ViewController.storyboard */ = {isa = PBXFileReference; lastKnownFileType = file.storyboard; path = Tela02ViewController.storyboard; sourceTree = "<group>"; };
		645A93B82ADCB19A0004DB78 /* NSNotification.Name+Extension.swift */ = {isa = PBXFileReference; lastKnownFileType = sourcecode.swift; path = "NSNotification.Name+Extension.swift"; sourceTree = "<group>"; };
/* End PBXFileReference section */

/* Begin PBXFrameworksBuildPhase section */
		645A93902ADCA1A30004DB78 /* Frameworks */ = {
			isa = PBXFrameworksBuildPhase;
			buildActionMask = 2147483647;
			files = (
			);
			runOnlyForDeploymentPostprocessing = 0;
		};
/* End PBXFrameworksBuildPhase section */

/* Begin PBXGroup section */
		645A938A2ADCA1A30004DB78 = {
			isa = PBXGroup;
			children = (
				645A93952ADCA1A30004DB78 /* Desafio07Turma351BF */,
				645A93942ADCA1A30004DB78 /* Products */,
			);
			sourceTree = "<group>";
		};
		645A93942ADCA1A30004DB78 /* Products */ = {
			isa = PBXGroup;
			children = (
				645A93932ADCA1A30004DB78 /* Desafio07Turma351BF.app */,
			);
			name = Products;
			sourceTree = "<group>";
		};
		645A93952ADCA1A30004DB78 /* Desafio07Turma351BF */ = {
			isa = PBXGroup;
			children = (
				645A93B72ADCB1870004DB78 /* Extension */,
				645A93B22ADCA74B0004DB78 /* Tela02 */,
				645A93AD2ADCA6E90004DB78 /* Tela01 */,
				645A93AC2ADCA47F0004DB78 /* TabBar */,
				645A93962ADCA1A30004DB78 /* AppDelegate.swift */,
				645A93982ADCA1A30004DB78 /* SceneDelegate.swift */,
				645A939C2ADCA1A30004DB78 /* Main.storyboard */,
				645A939F2ADCA1A50004DB78 /* Assets.xcassets */,
				645A93A12ADCA1A50004DB78 /* LaunchScreen.storyboard */,
				645A93A42ADCA1A50004DB78 /* Info.plist */,
			);
			path = Desafio07Turma351BF;
			sourceTree = "<group>";
		};
		645A93AC2ADCA47F0004DB78 /* TabBar */ = {
			isa = PBXGroup;
			children = (
				645A93AA2ADCA35D0004DB78 /* TabBarController.swift */,
			);
			path = TabBar;
			sourceTree = "<group>";
		};
		645A93AD2ADCA6E90004DB78 /* Tela01 */ = {
			isa = PBXGroup;
			children = (
				645A93AE2ADCA7070004DB78 /* Tela01ViewController.swift */,
				645A93B02ADCA71B0004DB78 /* Tela01ViewController.storyboard */,
			);
			path = Tela01;
			sourceTree = "<group>";
		};
		645A93B22ADCA74B0004DB78 /* Tela02 */ = {
			isa = PBXGroup;
			children = (
				645A93B32ADCA7590004DB78 /* Tela02ViewController.swift */,
				645A93B52ADCA76A0004DB78 /* Tela02ViewController.storyboard */,
			);
			path = Tela02;
			sourceTree = "<group>";
		};
		645A93B72ADCB1870004DB78 /* Extension */ = {
			isa = PBXGroup;
			children = (
				645A93B82ADCB19A0004DB78 /* NSNotification.Name+Extension.swift */,
			);
			path = Extension;
			sourceTree = "<group>";
		};
/* End PBXGroup section */

/* Begin PBXNativeTarget section */
		645A93922ADCA1A30004DB78 /* Desafio07Turma351BF */ = {
			isa = PBXNativeTarget;
			buildConfigurationList = 645A93A72ADCA1A50004DB78 /* Build configuration list for PBXNativeTarget "Desafio07Turma351BF" */;
			buildPhases = (
				645A938F2ADCA1A30004DB78 /* Sources */,
				645A93902ADCA1A30004DB78 /* Frameworks */,
				645A93912ADCA1A30004DB78 /* Resources */,
			);
			buildRules = (
			);
			dependencies = (
			);
			name = Desafio07Turma351BF;
			productName = Desafio07Turma351BF;
			productReference = 645A93932ADCA1A30004DB78 /* Desafio07Turma351BF.app */;
			productType = "com.apple.product-type.application";
		};
/* End PBXNativeTarget section */

/* Begin PBXProject section */
		645A938B2ADCA1A30004DB78 /* Project object */ = {
			isa = PBXProject;
			attributes = {
				BuildIndependentTargetsInParallel = 1;
				LastSwiftUpdateCheck = 1500;
				LastUpgradeCheck = 1500;
				TargetAttributes = {
					645A93922ADCA1A30004DB78 = {
						CreatedOnToolsVersion = 15.0;
					};
				};
			};
			buildConfigurationList = 645A938E2ADCA1A30004DB78 /* Build configuration list for PBXProject "Desafio07Turma351BF" */;
			compatibilityVersion = "Xcode 14.0";
			developmentRegion = en;
			hasScannedForEncodings = 0;
			knownRegions = (
				en,
				Base,
			);
			mainGroup = 645A938A2ADCA1A30004DB78;
			productRefGroup = 645A93942ADCA1A30004DB78 /* Products */;
			projectDirPath = "";
			projectRoot = "";
			targets = (
				645A93922ADCA1A30004DB78 /* Desafio07Turma351BF */,
			);
		};
/* End PBXProject section */

/* Begin PBXResourcesBuildPhase section */
		645A93912ADCA1A30004DB78 /* Resources */ = {
			isa = PBXResourcesBuildPhase;
			buildActionMask = 2147483647;
			files = (
				645A93B62ADCA76A0004DB78 /* Tela02ViewController.storyboard in Resources */,
				645A93B12ADCA71B0004DB78 /* Tela01ViewController.storyboard in Resources */,
				645A93A32ADCA1A50004DB78 /* LaunchScreen.storyboard in Resources */,
				645A93A02ADCA1A50004DB78 /* Assets.xcassets in Resources */,
				645A939E2ADCA1A30004DB78 /* Main.storyboard in Resources */,
			);
			runOnlyForDeploymentPostprocessing = 0;
		};
/* End PBXResourcesBuildPhase section */

/* Begin PBXSourcesBuildPhase section */
		645A938F2ADCA1A30004DB78 /* Sources */ = {
			isa = PBXSourcesBuildPhase;
			buildActionMask = 2147483647;
			files = (
				645A93AB2ADCA35D0004DB78 /* TabBarController.swift in Sources */,
				645A93972ADCA1A30004DB78 /* AppDelegate.swift in Sources */,
				645A93992ADCA1A30004DB78 /* SceneDelegate.swift in Sources */,
				645A93B92ADCB19A0004DB78 /* NSNotification.Name+Extension.swift in Sources */,
				645A93AF2ADCA7070004DB78 /* Tela01ViewController.swift in Sources */,
				645A93B42ADCA7590004DB78 /* Tela02ViewController.swift in Sources */,
			);
			runOnlyForDeploymentPostprocessing = 0;
		};
/* End PBXSourcesBuildPhase section */

/* Begin PBXVariantGroup section */
		645A939C2ADCA1A30004DB78 /* Main.storyboard */ = {
			isa = PBXVariantGroup;
			children = (
				645A939D2ADCA1A30004DB78 /* Base */,
			);
			name = Main.storyboard;
			sourceTree = "<group>";
		};
		645A93A12ADCA1A50004DB78 /* LaunchScreen.storyboard */ = {
			isa = PBXVariantGroup;
			children = (
				645A93A22ADCA1A50004DB78 /* Base */,
			);
			name = LaunchScreen.storyboard;
			sourceTree = "<group>";
		};
/* End PBXVariantGroup section */

/* Begin XCBuildConfiguration section */
		645A93A52ADCA1A50004DB78 /* Debug */ = {
			isa = XCBuildConfiguration;
			buildSettings = {
				ALWAYS_SEARCH_USER_PATHS = NO;
				ASSETCATALOG_COMPILER_GENERATE_SWIFT_ASSET_SYMBOL_EXTENSIONS = YES;
				CLANG_ANALYZER_NONNULL = YES;
				CLANG_ANALYZER_NUMBER_OBJECT_CONVERSION = YES_AGGRESSIVE;
				CLANG_CXX_LANGUAGE_STANDARD = "gnu++20";
				CLANG_ENABLE_MODULES = YES;
				CLANG_ENABLE_OBJC_ARC = YES;
				CLANG_ENABLE_OBJC_WEAK = YES;
				CLANG_WARN_BLOCK_CAPTURE_AUTORELEASING = YES;
				CLANG_WARN_BOOL_CONVERSION = YES;
				CLANG_WARN_COMMA = YES;
				CLANG_WARN_CONSTANT_CONVERSION = YES;
				CLANG_WARN_DEPRECATED_OBJC_IMPLEMENTATIONS = YES;
				CLANG_WARN_DIRECT_OBJC_ISA_USAGE = YES_ERROR;
				CLANG_WARN_DOCUMENTATION_COMMENTS = YES;
				CLANG_WARN_EMPTY_BODY = YES;
				CLANG_WARN_ENUM_CONVERSION = YES;
				CLANG_WARN_INFINITE_RECURSION = YES;
				CLANG_WARN_INT_CONVERSION = YES;
				CLANG_WARN_NON_LITERAL_NULL_CONVERSION = YES;
				CLANG_WARN_OBJC_IMPLICIT_RETAIN_SELF = YES;
				CLANG_WARN_OBJC_LITERAL_CONVERSION = YES;
				CLANG_WARN_OBJC_ROOT_CLASS = YES_ERROR;
				CLANG_WARN_QUOTED_INCLUDE_IN_FRAMEWORK_HEADER = YES;
				CLANG_WARN_RANGE_LOOP_ANALYSIS = YES;
				CLANG_WARN_STRICT_PROTOTYPES = YES;
				CLANG_WARN_SUSPICIOUS_MOVE = YES;
				CLANG_WARN_UNGUARDED_AVAILABILITY = YES_AGGRESSIVE;
				CLANG_WARN_UNREACHABLE_CODE = YES;
				CLANG_WARN__DUPLICATE_METHOD_MATCH = YES;
				COPY_PHASE_STRIP = NO;
				DEBUG_INFORMATION_FORMAT = dwarf;
				ENABLE_STRICT_OBJC_MSGSEND = YES;
				ENABLE_TESTABILITY = YES;
				ENABLE_USER_SCRIPT_SANDBOXING = YES;
				GCC_C_LANGUAGE_STANDARD = gnu17;
				GCC_DYNAMIC_NO_PIC = NO;
				GCC_NO_COMMON_BLOCKS = YES;
				GCC_OPTIMIZATION_LEVEL = 0;
				GCC_PREPROCESSOR_DEFINITIONS = (
					"DEBUG=1",
					"$(inherited)",
				);
				GCC_WARN_64_TO_32_BIT_CONVERSION = YES;
				GCC_WARN_ABOUT_RETURN_TYPE = YES_ERROR;
				GCC_WARN_UNDECLARED_SELECTOR = YES;
				GCC_WARN_UNINITIALIZED_AUTOS = YES_AGGRESSIVE;
				GCC_WARN_UNUSED_FUNCTION = YES;
				GCC_WARN_UNUSED_VARIABLE = YES;
				IPHONEOS_DEPLOYMENT_TARGET = 17.0;
				LOCALIZATION_PREFERS_STRING_CATALOGS = YES;
				MTL_ENABLE_DEBUG_INFO = INCLUDE_SOURCE;
				MTL_FAST_MATH = YES;
				ONLY_ACTIVE_ARCH = YES;
				SDKROOT = iphoneos;
				SWIFT_ACTIVE_COMPILATION_CONDITIONS = "DEBUG $(inherited)";
				SWIFT_OPTIMIZATION_LEVEL = "-Onone";
			};
			name = Debug;
		};
		645A93A62ADCA1A50004DB78 /* Release */ = {
			isa = XCBuildConfiguration;
			buildSettings = {
				ALWAYS_SEARCH_USER_PATHS = NO;
				ASSETCATALOG_COMPILER_GENERATE_SWIFT_ASSET_SYMBOL_EXTENSIONS = YES;
				CLANG_ANALYZER_NONNULL = YES;
				CLANG_ANALYZER_NUMBER_OBJECT_CONVERSION = YES_AGGRESSIVE;
				CLANG_CXX_LANGUAGE_STANDARD = "gnu++20";
				CLANG_ENABLE_MODULES = YES;
				CLANG_ENABLE_OBJC_ARC = YES;
				CLANG_ENABLE_OBJC_WEAK = YES;
				CLANG_WARN_BLOCK_CAPTURE_AUTORELEASING = YES;
				CLANG_WARN_BOOL_CONVERSION = YES;
				CLANG_WARN_COMMA = YES;
				CLANG_WARN_CONSTANT_CONVERSION = YES;
				CLANG_WARN_DEPRECATED_OBJC_IMPLEMENTATIONS = YES;
				CLANG_WARN_DIRECT_OBJC_ISA_USAGE = YES_ERROR;
				CLANG_WARN_DOCUMENTATION_COMMENTS = YES;
				CLANG_WARN_EMPTY_BODY = YES;
				CLANG_WARN_ENUM_CONVERSION = YES;
				CLANG_WARN_INFINITE_RECURSION = YES;
				CLANG_WARN_INT_CONVERSION = YES;
				CLANG_WARN_NON_LITERAL_NULL_CONVERSION = YES;
				CLANG_WARN_OBJC_IMPLICIT_RETAIN_SELF = YES;
				CLANG_WARN_OBJC_LITERAL_CONVERSION = YES;
				CLANG_WARN_OBJC_ROOT_CLASS = YES_ERROR;
				CLANG_WARN_QUOTED_INCLUDE_IN_FRAMEWORK_HEADER = YES;
				CLANG_WARN_RANGE_LOOP_ANALYSIS = YES;
				CLANG_WARN_STRICT_PROTOTYPES = YES;
				CLANG_WARN_SUSPICIOUS_MOVE = YES;
				CLANG_WARN_UNGUARDED_AVAILABILITY = YES_AGGRESSIVE;
				CLANG_WARN_UNREACHABLE_CODE = YES;
				CLANG_WARN__DUPLICATE_METHOD_MATCH = YES;
				COPY_PHASE_STRIP = NO;
				DEBUG_INFORMATION_FORMAT = "dwarf-with-dsym";
				ENABLE_NS_ASSERTIONS = NO;
				ENABLE_STRICT_OBJC_MSGSEND = YES;
				ENABLE_USER_SCRIPT_SANDBOXING = YES;
				GCC_C_LANGUAGE_STANDARD = gnu17;
				GCC_NO_COMMON_BLOCKS = YES;
				GCC_WARN_64_TO_32_BIT_CONVERSION = YES;
				GCC_WARN_ABOUT_RETURN_TYPE = YES_ERROR;
				GCC_WARN_UNDECLARED_SELECTOR = YES;
				GCC_WARN_UNINITIALIZED_AUTOS = YES_AGGRESSIVE;
				GCC_WARN_UNUSED_FUNCTION = YES;
				GCC_WARN_UNUSED_VARIABLE = YES;
				IPHONEOS_DEPLOYMENT_TARGET = 17.0;
				LOCALIZATION_PREFERS_STRING_CATALOGS = YES;
				MTL_ENABLE_DEBUG_INFO = NO;
				MTL_FAST_MATH = YES;
				SDKROOT = iphoneos;
				SWIFT_COMPILATION_MODE = wholemodule;
				VALIDATE_PRODUCT = YES;
			};
			name = Release;
		};
		645A93A82ADCA1A50004DB78 /* Debug */ = {
			isa = XCBuildConfiguration;
			buildSettings = {
				ASSETCATALOG_COMPILER_APPICON_NAME = AppIcon;
				ASSETCATALOG_COMPILER_GLOBAL_ACCENT_COLOR_NAME = AccentColor;
				CODE_SIGN_STYLE = Automatic;
				CURRENT_PROJECT_VERSION = 1;
				GENERATE_INFOPLIST_FILE = YES;
				INFOPLIST_FILE = Desafio07Turma351BF/Info.plist;
				INFOPLIST_KEY_UIApplicationSupportsIndirectInputEvents = YES;
				INFOPLIST_KEY_UILaunchStoryboardName = LaunchScreen;
				INFOPLIST_KEY_UIMainStoryboardFile = Main;
				INFOPLIST_KEY_UISupportedInterfaceOrientations_iPad = "UIInterfaceOrientationPortrait UIInterfaceOrientationPortraitUpsideDown UIInterfaceOrientationLandscapeLeft UIInterfaceOrientationLandscapeRight";
				INFOPLIST_KEY_UISupportedInterfaceOrientations_iPhone = "UIInterfaceOrientationPortrait UIInterfaceOrientationLandscapeLeft UIInterfaceOrientationLandscapeRight";
				LD_RUNPATH_SEARCH_PATHS = (
					"$(inherited)",
					"@executable_path/Frameworks",
				);
				MARKETING_VERSION = 1.0;
				PRODUCT_BUNDLE_IDENTIFIER = backfront.Desafio07Turma351BF;
				PRODUCT_NAME = "$(TARGET_NAME)";
				SWIFT_EMIT_LOC_STRINGS = YES;
				SWIFT_VERSION = 5.0;
				TARGETED_DEVICE_FAMILY = "1,2";
			};
			name = Debug;
		};
		645A93A92ADCA1A50004DB78 /* Release */ = {
			isa = XCBuildConfiguration;
			buildSettings = {
				ASSETCATALOG_COMPILER_APPICON_NAME = AppIcon;
				ASSETCATALOG_COMPILER_GLOBAL_ACCENT_COLOR_NAME = AccentColor;
				CODE_SIGN_STYLE = Automatic;
				CURRENT_PROJECT_VERSION = 1;
				GENERATE_INFOPLIST_FILE = YES;
				INFOPLIST_FILE = Desafio07Turma351BF/Info.plist;
				INFOPLIST_KEY_UIApplicationSupportsIndirectInputEvents = YES;
				INFOPLIST_KEY_UILaunchStoryboardName = LaunchScreen;
				INFOPLIST_KEY_UIMainStoryboardFile = Main;
				INFOPLIST_KEY_UISupportedInterfaceOrientations_iPad = "UIInterfaceOrientationPortrait UIInterfaceOrientationPortraitUpsideDown UIInterfaceOrientationLandscapeLeft UIInterfaceOrientationLandscapeRight";
				INFOPLIST_KEY_UISupportedInterfaceOrientations_iPhone = "UIInterfaceOrientationPortrait UIInterfaceOrientationLandscapeLeft UIInterfaceOrientationLandscapeRight";
				LD_RUNPATH_SEARCH_PATHS = (
					"$(inherited)",
					"@executable_path/Frameworks",
				);
				MARKETING_VERSION = 1.0;
				PRODUCT_BUNDLE_IDENTIFIER = backfront.Desafio07Turma351BF;
				PRODUCT_NAME = "$(TARGET_NAME)";
				SWIFT_EMIT_LOC_STRINGS = YES;
				SWIFT_VERSION = 5.0;
				TARGETED_DEVICE_FAMILY = "1,2";
			};
			name = Release;
		};
/* End XCBuildConfiguration section */

/* Begin XCConfigurationList section */
		645A938E2ADCA1A30004DB78 /* Build configuration list for PBXProject "Desafio07Turma351BF" */ = {
			isa = XCConfigurationList;
			buildConfigurations = (
				645A93A52ADCA1A50004DB78 /* Debug */,
				645A93A62ADCA1A50004DB78 /* Release */,
			);
			defaultConfigurationIsVisible = 0;
			defaultConfigurationName = Release;
		};
		645A93A72ADCA1A50004DB78 /* Build configuration list for PBXNativeTarget "Desafio07Turma351BF" */ = {
			isa = XCConfigurationList;
			buildConfigurations = (
				645A93A82ADCA1A50004DB78 /* Debug */,
				645A93A92ADCA1A50004DB78 /* Release */,
			);
			defaultConfigurationIsVisible = 0;
			defaultConfigurationName = Release;
		};
/* End XCConfigurationList section */
	};
	rootObject = 645A938B2ADCA1A30004DB78 /* Project object */;
}
